
Microsoft Visual Studio Solution File, Format Version 12.00
# Visual Studio 15
VisualStudioVersion = 15.0.26124.0
MinimumVisualStudioVersion = 15.0.26124.0
Project("{FAE04EC0-301F-11D3-BF4B-00C04F79EFBC}") = "VisualRegressionTracker", "VisualRegressionTracker\VisualRegressionTracker.csproj", "{66AAFA5C-EEB1-4CD0-B723-7E1575840E8E}"
EndProject
Project("{2150E333-8FDC-42A3-9474-1A3956D46DE8}") = "tests", "tests", "{90AD63AB-77CD-4E17-87BD-617DEE691849}"
EndProject
Project("{FAE04EC0-301F-11D3-BF4B-00C04F79EFBC}") = "VisualRegressionTracker.Tests", "tests\VisualRegressionTracker.Tests\VisualRegressionTracker.Tests.csproj", "{DD32EB53-C045-4DF4-93F9-A3803526602A}"
EndProject
Global
	GlobalSection(SolutionConfigurationPlatforms) = preSolution
		Debug|Any CPU = Debug|Any CPU
		Debug|x64 = Debug|x64
		Debug|x86 = Debug|x86
		Release|Any CPU = Release|Any CPU
		Release|x64 = Release|x64
		Release|x86 = Release|x86
	EndGlobalSection
	GlobalSection(SolutionProperties) = preSolution
		HideSolutionNode = FALSE
	EndGlobalSection
	GlobalSection(ProjectConfigurationPlatforms) = postSolution
		{66AAFA5C-EEB1-4CD0-B723-7E1575840E8E}.Debug|Any CPU.ActiveCfg = Debug|Any CPU
		{66AAFA5C-EEB1-4CD0-B723-7E1575840E8E}.Debug|Any CPU.Build.0 = Debug|Any CPU
		{66AAFA5C-EEB1-4CD0-B723-7E1575840E8E}.Debug|x64.ActiveCfg = Debug|Any CPU
		{66AAFA5C-EEB1-4CD0-B723-7E1575840E8E}.Debug|x64.Build.0 = Debug|Any CPU
		{66AAFA5C-EEB1-4CD0-B723-7E1575840E8E}.Debug|x86.ActiveCfg = Debug|Any CPU
		{66AAFA5C-EEB1-4CD0-B723-7E1575840E8E}.Debug|x86.Build.0 = Debug|Any CPU
		{66AAFA5C-EEB1-4CD0-B723-7E1575840E8E}.Release|Any CPU.ActiveCfg = Release|Any CPU
		{66AAFA5C-EEB1-4CD0-B723-7E1575840E8E}.Release|Any CPU.Build.0 = Release|Any CPU
		{66AAFA5C-EEB1-4CD0-B723-7E1575840E8E}.Release|x64.ActiveCfg = Release|Any CPU
		{66AAFA5C-EEB1-4CD0-B723-7E1575840E8E}.Release|x64.Build.0 = Release|Any CPU
		{66AAFA5C-EEB1-4CD0-B723-7E1575840E8E}.Release|x86.ActiveCfg = Release|Any CPU
		{66AAFA5C-EEB1-4CD0-B723-7E1575840E8E}.Release|x86.Build.0 = Release|Any CPU
		{DD32EB53-C045-4DF4-93F9-A3803526602A}.Debug|Any CPU.ActiveCfg = Debug|Any CPU
		{DD32EB53-C045-4DF4-93F9-A3803526602A}.Debug|Any CPU.Build.0 = Debug|Any CPU
		{DD32EB53-C045-4DF4-93F9-A3803526602A}.Debug|x64.ActiveCfg = Debug|Any CPU
		{DD32EB53-C045-4DF4-93F9-A3803526602A}.Debug|x64.Build.0 = Debug|Any CPU
		{DD32EB53-C045-4DF4-93F9-A3803526602A}.Debug|x86.ActiveCfg = Debug|Any CPU
		{DD32EB53-C045-4DF4-93F9-A3803526602A}.Debug|x86.Build.0 = Debug|Any CPU
		{DD32EB53-C045-4DF4-93F9-A3803526602A}.Release|Any CPU.ActiveCfg = Release|Any CPU
		{DD32EB53-C045-4DF4-93F9-A3803526602A}.Release|Any CPU.Build.0 = Release|Any CPU
		{DD32EB53-C045-4DF4-93F9-A3803526602A}.Release|x64.ActiveCfg = Release|Any CPU
		{DD32EB53-C045-4DF4-93F9-A3803526602A}.Release|x64.Build.0 = Release|Any CPU
		{DD32EB53-C045-4DF4-93F9-A3803526602A}.Release|x86.ActiveCfg = Release|Any CPU
		{DD32EB53-C045-4DF4-93F9-A3803526602A}.Release|x86.Build.0 = Release|Any CPU
	EndGlobalSection
	GlobalSection(NestedProjects) = preSolution
		{DD32EB53-C045-4DF4-93F9-A3803526602A} = {90AD63AB-77CD-4E17-87BD-617DEE691849}
	EndGlobalSection
EndGlobal
